{
  "name": "@writetome51/public-array-filter",
  "version": "1.0.3",
  "lockfileVersion": 1,
  "requires": true,
  "dependencies": {
    "@writetome51/array-append-prepend": {
      "version": "1.0.2",
      "resolved": "https://registry.npmjs.org/@writetome51/array-append-prepend/-/array-append-prepend-1.0.2.tgz",
      "integrity": "sha512-TycSRECoLbbACxBWQkCwH8mzW99Cz5M1VZX1Gv3zctRDWov0twOm8EpmmrhQqPYjUEWxeqpTUtun9MN9+JHGig==",
      "requires": {
        "error-if-values-are-not-arrays": "^1.0.0"
      }
    },
    "@writetome51/array-get-filtered-results": {
      "version": "2.0.0",
      "resolved": "https://registry.npmjs.org/@writetome51/array-get-filtered-results/-/array-get-filtered-results-2.0.0.tgz",
      "integrity": "sha512-jypg+hGAKqIlouKBoRUQRtuUC0/M2JwTJqmMukvgvcow5kGueJdwR5fwVUc739vnoJqKYUuySM8YtjV53dnT1A==",
      "requires": {
        "basic-data-handling": "^1.0.13"
      }
    },
    "@writetome51/arrays-match": {
      "version": "1.0.2",
      "resolved": "https://registry.npmjs.org/@writetome51/arrays-match/-/arrays-match-1.0.2.tgz",
      "integrity": "sha512-A1+zLc2VbOcN9A29BFsyubt/w9OTbuA6ZOQJjPn381b/CEXWnglq2399Vt/310T/yRocQByycl8/JlrFbCN/Lg==",
      "dev": true,
      "requires": {
        "basic-data-handling": "^1.0.13",
        "error-if-values-are-not-arrays": "^1.0.0"
      }
    },
    "@writetome51/public-array-container": {
      "version": "1.0.2",
      "resolved": "https://registry.npmjs.org/@writetome51/public-array-container/-/public-array-container-1.0.2.tgz",
      "integrity": "sha512-LM9myTwxnrYo7PvckbnEVbFcdrtxn4lBlJJ/9oSCY6nrwBCsjJ+/s9pUpccN1IG8jiUVY2k3zatrJ8enZnvcKQ==",
      "requires": {
        "basic-data-handling": "^1.0.13",
        "batch-getter-setter": "^1.0.0",
        "public-data-container-interface": "^1.0.3"
      }
    },
    "@writetome51/set-array": {
      "version": "1.0.0",
      "resolved": "https://registry.npmjs.org/@writetome51/set-array/-/set-array-1.0.0.tgz",
      "integrity": "sha512-WsLVaUFLkVX3weGM8tf5kXQFgbbee1a2V+eb9Zv+Ib6D86jtUlwDWhInhPCoW6fvVBI4hfNOBoO6+k3Lq8pVVg==",
      "requires": {
        "error-if-values-are-not-arrays": "^1.0.0"
      }
    },
    "array-pluck": {
      "version": "1.0.0",
      "resolved": "https://registry.npmjs.org/array-pluck/-/array-pluck-1.0.0.tgz",
      "integrity": "sha1-/qOKZwvaWse6yGZqivuLkBkbkh4="
    },
    "basic-data-handling": {
      "version": "1.0.13",
      "resolved": "https://registry.npmjs.org/basic-data-handling/-/basic-data-handling-1.0.13.tgz",
      "integrity": "sha512-YRXUq0keESBb4XXzFAStPYJjviRx6CPPSzT/EfpMOLRfBrhnbBeKD2n+kfZyw2zvjreClf16xPF0tDjiLO+ogw=="
    },
    "batch-getter-setter": {
      "version": "1.0.0",
      "resolved": "https://registry.npmjs.org/batch-getter-setter/-/batch-getter-setter-1.0.0.tgz",
      "integrity": "sha512-o4a6NURLje2lxgngkTknmT4DKv4pAekj+1YqU0UIPNmeAMW2SvyaNqeCVcA0x5pkTYcSu/0bvMGzSc4e3H8H1g==",
      "requires": {
        "method-chainable": "^1.0.0"
      }
    },
    "error-if-values-are-not-arrays": {
      "version": "1.0.0",
      "resolved": "https://registry.npmjs.org/error-if-values-are-not-arrays/-/error-if-values-are-not-arrays-1.0.0.tgz",
      "integrity": "sha512-Q1KHFzQWIZXb62qb259NRjcfE1UKa7CZVKGU8zgUoejYW++wpz/vIa5GvscNzigbO2jMgDXRlHxPC59aU7pP0w==",
      "requires": {
        "basic-data-handling": "^1.0.13"
      }
    },
    "method-chainable": {
      "version": "1.0.0",
      "resolved": "https://registry.npmjs.org/method-chainable/-/method-chainable-1.0.0.tgz",
      "integrity": "sha512-h1CpqXp1BFqFAlkQL6lydba1Qh/iLj1TjLZzQgCwfzahGF1oTT9ry5YWIbdDyQ3hqMpS5OM8rIEb/Hiz2L9N7Q==",
      "requires": {
        "self-identifiable": "^1.0.1"
      }
    },
    "public-data-container-interface": {
      "version": "1.0.3",
      "resolved": "https://registry.npmjs.org/public-data-container-interface/-/public-data-container-interface-1.0.3.tgz",
      "integrity": "sha512-/Ol+b7P3E/utnNkr/dwXZaVyYKt0/MnWiUxTCZmmLIjhfeMInR6Ki8sHgW7ESdUbQ3SyHZK5u03K1ifnUcxIIw=="
    },
    "self-identifiable": {
      "version": "1.0.1",
      "resolved": "https://registry.npmjs.org/self-identifiable/-/self-identifiable-1.0.1.tgz",
      "integrity": "sha512-I3Rvcu0CKKBbRZJ/rS1PGY5vc/DFDW9/ioYNgPueR5bMds/qdpDMHNhlYT9fb7nDms6X6k3F5lJAL9j7M17pbQ=="
    },
    "typescript": {
      "version": "3.1.3",
      "resolved": "https://registry.npmjs.org/typescript/-/typescript-3.1.3.tgz",
      "integrity": "sha512-+81MUSyX+BaSo+u2RbozuQk/UWx6hfG0a5gHu4ANEM4sU96XbuIyAB+rWBW1u70c6a5QuZfuYICn3s2UjuHUpA==",
      "dev": true
    }
  }
}
